// !$*UTF8*$!
{
	archiveVersion = 1;
	classes = {
	};
	objectVersion = 55;
	objects = {

/* Begin PBXBuildFile section */
		9C3E56AC27E38CE100DCA715 /* Gioco 6.txt in Resources */ = {isa = PBXBuildFile; fileRef = 9C3E56A027E38CE000DCA715 /* Gioco 6.txt */; };
		9C3E56AD27E38CE100DCA715 /* Soluzione Gioco 6.txt in Resources */ = {isa = PBXBuildFile; fileRef = 9C3E56A127E38CE000DCA715 /* Soluzione Gioco 6.txt */; };
		9C3E56AE27E38CE100DCA715 /* Gioco 2.txt in Resources */ = {isa = PBXBuildFile; fileRef = 9C3E56A227E38CE000DCA715 /* Gioco 2.txt */; };
		9C3E56AF27E38CE100DCA715 /* Gioco 4.txt in Resources */ = {isa = PBXBuildFile; fileRef = 9C3E56A327E38CE000DCA715 /* Gioco 4.txt */; };
		9C3E56B027E38CE100DCA715 /* Soluzione Gioco 2.txt in Resources */ = {isa = PBXBuildFile; fileRef = 9C3E56A427E38CE000DCA715 /* Soluzione Gioco 2.txt */; };
		9C3E56B127E38CE100DCA715 /* Gioco 1.txt in Resources */ = {isa = PBXBuildFile; fileRef = 9C3E56A527E38CE000DCA715 /* Gioco 1.txt */; };
		9C3E56B227E38CE100DCA715 /* Soluzione Gioco 3.txt in Resources */ = {isa = PBXBuildFile; fileRef = 9C3E56A627E38CE000DCA715 /* Soluzione Gioco 3.txt */; };
		9C3E56B327E38CE100DCA715 /* Soluzione Gioco 1.txt in Resources */ = {isa = PBXBuildFile; fileRef = 9C3E56A727E38CE000DCA715 /* Soluzione Gioco 1.txt */; };
		9C3E56B427E38CE100DCA715 /* Gioco 3.txt in Resources */ = {isa = PBXBuildFile; fileRef = 9C3E56A827E38CE000DCA715 /* Gioco 3.txt */; };
		9C3E56B527E38CE100DCA715 /* Gioco 5.txt in Resources */ = {isa = PBXBuildFile; fileRef = 9C3E56A927E38CE000DCA715 /* Gioco 5.txt */; };
		9C3E56B627E38CE100DCA715 /* Soluzione Gioco 5.txt in Resources */ = {isa = PBXBuildFile; fileRef = 9C3E56AA27E38CE000DCA715 /* Soluzione Gioco 5.txt */; };
		9C3E56B727E38CE100DCA715 /* Soluzione Gioco 4.txt in Resources */ = {isa = PBXBuildFile; fileRef = 9C3E56AB27E38CE100DCA715 /* Soluzione Gioco 4.txt */; };
		9C84FF8627E209C20016E637 /* GameTableViewController.swift in Sources */ = {isa = PBXBuildFile; fileRef = 9C84FF8527E209C20016E637 /* GameTableViewController.swift */; };
		9CA7029127E34CAF007F8A04 /* pexels-steve-johnson-1843717.jpg in Resources */ = {isa = PBXBuildFile; fileRef = 9CA7029027E34CAF007F8A04 /* pexels-steve-johnson-1843717.jpg */; };
		9CB9BB6D27DB422500DF66FF /* AppDelegate.swift in Sources */ = {isa = PBXBuildFile; fileRef = 9CB9BB6C27DB422500DF66FF /* AppDelegate.swift */; };
		9CB9BB6F27DB422500DF66FF /* SceneDelegate.swift in Sources */ = {isa = PBXBuildFile; fileRef = 9CB9BB6E27DB422500DF66FF /* SceneDelegate.swift */; };
		9CB9BB7127DB422500DF66FF /* ViewController.swift in Sources */ = {isa = PBXBuildFile; fileRef = 9CB9BB7027DB422500DF66FF /* ViewController.swift */; };
		9CB9BB7427DB422500DF66FF /* Main.storyboard in Resources */ = {isa = PBXBuildFile; fileRef = 9CB9BB7227DB422500DF66FF /* Main.storyboard */; };
		9CB9BB7627DB422600DF66FF /* Assets.xcassets in Resources */ = {isa = PBXBuildFile; fileRef = 9CB9BB7527DB422600DF66FF /* Assets.xcassets */; };
		9CB9BB7927DB422600DF66FF /* LaunchScreen.storyboard in Resources */ = {isa = PBXBuildFile; fileRef = 9CB9BB7727DB422600DF66FF /* LaunchScreen.storyboard */; };
/* End PBXBuildFile section */

/* Begin PBXFileReference section */
		9C3E56A027E38CE000DCA715 /* Gioco 6.txt */ = {isa = PBXFileReference; fileEncoding = 4; lastKnownFileType = text; name = "Gioco 6.txt"; path = "../../../Desktop/Giochi_sequenzaParole/Gioco 6.txt"; sourceTree = "<group>"; };
		9C3E56A127E38CE000DCA715 /* Soluzione Gioco 6.txt */ = {isa = PBXFileReference; fileEncoding = 4; lastKnownFileType = text; name = "Soluzione Gioco 6.txt"; path = "../../../Desktop/Giochi_sequenzaParole/Soluzione Gioco 6.txt"; sourceTree = "<group>"; };
		9C3E56A227E38CE000DCA715 /* Gioco 2.txt */ = {isa = PBXFileReference; fileEncoding = 4; lastKnownFileType = text; name = "Gioco 2.txt"; path = "../../../Desktop/Giochi_sequenzaParole/Gioco 2.txt"; sourceTree = "<group>"; };
		9C3E56A327E38CE000DCA715 /* Gioco 4.txt */ = {isa = PBXFileReference; fileEncoding = 4; lastKnownFileType = text; name = "Gioco 4.txt"; path = "../../../Desktop/Giochi_sequenzaParole/Gioco 4.txt"; sourceTree = "<group>"; };
		9C3E56A427E38CE000DCA715 /* Soluzione Gioco 2.txt */ = {isa = PBXFileReference; fileEncoding = 4; lastKnownFileType = text; name = "Soluzione Gioco 2.txt"; path = "../../../Desktop/Giochi_sequenzaParole/Soluzione Gioco 2.txt"; sourceTree = "<group>"; };
		9C3E56A527E38CE000DCA715 /* Gioco 1.txt */ = {isa = PBXFileReference; fileEncoding = 4; lastKnownFileType = text; name = "Gioco 1.txt"; path = "../../../Desktop/Giochi_sequenzaParole/Gioco 1.txt"; sourceTree = "<group>"; };
		9C3E56A627E38CE000DCA715 /* Soluzione Gioco 3.txt */ = {isa = PBXFileReference; fileEncoding = 4; lastKnownFileType = text; name = "Soluzione Gioco 3.txt"; path = "../../../Desktop/Giochi_sequenzaParole/Soluzione Gioco 3.txt"; sourceTree = "<group>"; };
		9C3E56A727E38CE000DCA715 /* Soluzione Gioco 1.txt */ = {isa = PBXFileReference; fileEncoding = 4; lastKnownFileType = text; name = "Soluzione Gioco 1.txt"; path = "../../../Desktop/Giochi_sequenzaParole/Soluzione Gioco 1.txt"; sourceTree = "<group>"; };
		9C3E56A827E38CE000DCA715 /* Gioco 3.txt */ = {isa = PBXFileReference; fileEncoding = 4; lastKnownFileType = text; name = "Gioco 3.txt"; path = "../../../Desktop/Giochi_sequenzaParole/Gioco 3.txt"; sourceTree = "<group>"; };
		9C3E56A927E38CE000DCA715 /* Gioco 5.txt */ = {isa = PBXFileReference; fileEncoding = 4; lastKnownFileType = text; name = "Gioco 5.txt"; path = "../../../Desktop/Giochi_sequenzaParole/Gioco 5.txt"; sourceTree = "<group>"; };
		9C3E56AA27E38CE000DCA715 /* Soluzione Gioco 5.txt */ = {isa = PBXFileReference; fileEncoding = 4; lastKnownFileType = text; name = "Soluzione Gioco 5.txt"; path = "../../../Desktop/Giochi_sequenzaParole/Soluzione Gioco 5.txt"; sourceTree = "<group>"; };
		9C3E56AB27E38CE100DCA715 /* Soluzione Gioco 4.txt */ = {isa = PBXFileReference; fileEncoding = 4; lastKnownFileType = text; name = "Soluzione Gioco 4.txt"; path = "../../../Desktop/Giochi_sequenzaParole/Soluzione Gioco 4.txt"; sourceTree = "<group>"; };
		9C84FF8527E209C20016E637 /* GameTableViewController.swift */ = {isa = PBXFileReference; lastKnownFileType = sourcecode.swift; path = GameTableViewController.swift; sourceTree = "<group>"; };
		9CA7029027E34CAF007F8A04 /* pexels-steve-johnson-1843717.jpg */ = {isa = PBXFileReference; lastKnownFileType = image.jpeg; path = "pexels-steve-johnson-1843717.jpg"; sourceTree = "<group>"; };
		9CB9BB6927DB422500DF66FF /* Project1.app */ = {isa = PBXFileReference; explicitFileType = wrapper.application; includeInIndex = 0; path = Project1.app; sourceTree = BUILT_PRODUCTS_DIR; };
		9CB9BB6C27DB422500DF66FF /* AppDelegate.swift */ = {isa = PBXFileReference; lastKnownFileType = sourcecode.swift; path = AppDelegate.swift; sourceTree = "<group>"; };
		9CB9BB6E27DB422500DF66FF /* SceneDelegate.swift */ = {isa = PBXFileReference; lastKnownFileType = sourcecode.swift; path = SceneDelegate.swift; sourceTree = "<group>"; };
		9CB9BB7027DB422500DF66FF /* ViewController.swift */ = {isa = PBXFileReference; lastKnownFileType = sourcecode.swift; path = ViewController.swift; sourceTree = "<group>"; };
		9CB9BB7327DB422500DF66FF /* Base */ = {isa = PBXFileReference; lastKnownFileType = file.storyboard; name = Base; path = Base.lproj/Main.storyboard; sourceTree = "<group>"; };
		9CB9BB7527DB422600DF66FF /* Assets.xcassets */ = {isa = PBXFileReference; lastKnownFileType = folder.assetcatalog; path = Assets.xcassets; sourceTree = "<group>"; };
		9CB9BB7827DB422600DF66FF /* Base */ = {isa = PBXFileReference; lastKnownFileType = file.storyboard; name = Base; path = Base.lproj/LaunchScreen.storyboard; sourceTree = "<group>"; };
		9CB9BB7A27DB422600DF66FF /* Info.plist */ = {isa = PBXFileReference; lastKnownFileType = text.plist.xml; path = Info.plist; sourceTree = "<group>"; };
/* End PBXFileReference section */

/* Begin PBXFrameworksBuildPhase section */
		9CB9BB6627DB422500DF66FF /* Frameworks */ = {
			isa = PBXFrameworksBuildPhase;
			buildActionMask = 2147483647;
			files = (
			);
			runOnlyForDeploymentPostprocessing = 0;
		};
/* End PBXFrameworksBuildPhase section */

/* Begin PBXGroup section */
		9CB9BB6027DB422500DF66FF = {
			isa = PBXGroup;
			children = (
				9CB9BB6B27DB422500DF66FF /* Project1 */,
				9CB9BB6A27DB422500DF66FF /* Products */,
			);
			sourceTree = "<group>";
		};
		9CB9BB6A27DB422500DF66FF /* Products */ = {
			isa = PBXGroup;
			children = (
				9CB9BB6927DB422500DF66FF /* Project1.app */,
			);
			name = Products;
			sourceTree = "<group>";
		};
		9CB9BB6B27DB422500DF66FF /* Project1 */ = {
			isa = PBXGroup;
			children = (
				9CB9BB6C27DB422500DF66FF /* AppDelegate.swift */,
				9CB9BB6E27DB422500DF66FF /* SceneDelegate.swift */,
				9CB9BB7027DB422500DF66FF /* ViewController.swift */,
				9CB9BB7227DB422500DF66FF /* Main.storyboard */,
				9CB9BB7527DB422600DF66FF /* Assets.xcassets */,
				9CB9BB7727DB422600DF66FF /* LaunchScreen.storyboard */,
				9CB9BB7A27DB422600DF66FF /* Info.plist */,
				9C84FF8527E209C20016E637 /* GameTableViewController.swift */,
				9CA7029027E34CAF007F8A04 /* pexels-steve-johnson-1843717.jpg */,
				9C3E56A527E38CE000DCA715 /* Gioco 1.txt */,
				9C3E56A227E38CE000DCA715 /* Gioco 2.txt */,
				9C3E56A827E38CE000DCA715 /* Gioco 3.txt */,
				9C3E56A327E38CE000DCA715 /* Gioco 4.txt */,
				9C3E56A927E38CE000DCA715 /* Gioco 5.txt */,
				9C3E56A027E38CE000DCA715 /* Gioco 6.txt */,
				9C3E56A727E38CE000DCA715 /* Soluzione Gioco 1.txt */,
				9C3E56A427E38CE000DCA715 /* Soluzione Gioco 2.txt */,
				9C3E56A627E38CE000DCA715 /* Soluzione Gioco 3.txt */,
				9C3E56AB27E38CE100DCA715 /* Soluzione Gioco 4.txt */,
				9C3E56AA27E38CE000DCA715 /* Soluzione Gioco 5.txt */,
				9C3E56A127E38CE000DCA715 /* Soluzione Gioco 6.txt */,
			);
			path = Project1;
			sourceTree = "<group>";
		};
/* End PBXGroup section */

/* Begin PBXNativeTarget section */
		9CB9BB6827DB422500DF66FF /* Project1 */ = {
			isa = PBXNativeTarget;
			buildConfigurationList = 9CB9BB7D27DB422600DF66FF /* Build configuration list for PBXNativeTarget "Project1" */;
			buildPhases = (
				9CB9BB6527DB422500DF66FF /* Sources */,
				9CB9BB6627DB422500DF66FF /* Frameworks */,
				9CB9BB6727DB422500DF66FF /* Resources */,
			);
			buildRules = (
			);
			dependencies = (
			);
			name = Project1;
			productName = Project1;
			productReference = 9CB9BB6927DB422500DF66FF /* Project1.app */;
			productType = "com.apple.product-type.application";
		};
/* End PBXNativeTarget section */

/* Begin PBXProject section */
		9CB9BB6127DB422500DF66FF /* Project object */ = {
			isa = PBXProject;
			attributes = {
				BuildIndependentTargetsInParallel = 1;
				LastSwiftUpdateCheck = 1320;
				LastUpgradeCheck = 1320;
				TargetAttributes = {
					9CB9BB6827DB422500DF66FF = {
						CreatedOnToolsVersion = 13.2.1;
					};
				};
			};
			buildConfigurationList = 9CB9BB6427DB422500DF66FF /* Build configuration list for PBXProject "Project1" */;
			compatibilityVersion = "Xcode 13.0";
			developmentRegion = en;
			hasScannedForEncodings = 0;
			knownRegions = (
				en,
				Base,
			);
			mainGroup = 9CB9BB6027DB422500DF66FF;
			productRefGroup = 9CB9BB6A27DB422500DF66FF /* Products */;
			projectDirPath = "";
			projectRoot = "";
			targets = (
				9CB9BB6827DB422500DF66FF /* Project1 */,
			);
		};
/* End PBXProject section */

/* Begin PBXResourcesBuildPhase section */
		9CB9BB6727DB422500DF66FF /* Resources */ = {
			isa = PBXResourcesBuildPhase;
			buildActionMask = 2147483647;
			files = (
				9C3E56B727E38CE100DCA715 /* Soluzione Gioco 4.txt in Resources */,
				9C3E56B227E38CE100DCA715 /* Soluzione Gioco 3.txt in Resources */,
				9C3E56AD27E38CE100DCA715 /* Soluzione Gioco 6.txt in Resources */,
				9C3E56AC27E38CE100DCA715 /* Gioco 6.txt in Resources */,
				9C3E56AE27E38CE100DCA715 /* Gioco 2.txt in Resources */,
				9C3E56B427E38CE100DCA715 /* Gioco 3.txt in Resources */,
				9C3E56B027E38CE100DCA715 /* Soluzione Gioco 2.txt in Resources */,
				9CB9BB7927DB422600DF66FF /* LaunchScreen.storyboard in Resources */,
				9C3E56B127E38CE100DCA715 /* Gioco 1.txt in Resources */,
				9CB9BB7627DB422600DF66FF /* Assets.xcassets in Resources */,
				9CA7029127E34CAF007F8A04 /* pexels-steve-johnson-1843717.jpg in Resources */,
				9C3E56B327E38CE100DCA715 /* Soluzione Gioco 1.txt in Resources */,
				9C3E56B527E38CE100DCA715 /* Gioco 5.txt in Resources */,
				9C3E56B627E38CE100DCA715 /* Soluzione Gioco 5.txt in Resources */,
				9C3E56AF27E38CE100DCA715 /* Gioco 4.txt in Resources */,
				9CB9BB7427DB422500DF66FF /* Main.storyboard in Resources */,
			);
			runOnlyForDeploymentPostprocessing = 0;
		};
/* End PBXResourcesBuildPhase section */

/* Begin PBXSourcesBuildPhase section */
		9CB9BB6527DB422500DF66FF /* Sources */ = {
			isa = PBXSourcesBuildPhase;
			buildActionMask = 2147483647;
			files = (
				9CB9BB7127DB422500DF66FF /* ViewController.swift in Sources */,
				9C84FF8627E209C20016E637 /* GameTableViewController.swift in Sources */,
				9CB9BB6D27DB422500DF66FF /* AppDelegate.swift in Sources */,
				9CB9BB6F27DB422500DF66FF /* SceneDelegate.swift in Sources */,
			);
			runOnlyForDeploymentPostprocessing = 0;
		};
/* End PBXSourcesBuildPhase section */

/* Begin PBXVariantGroup section */
		9CB9BB7227DB422500DF66FF /* Main.storyboard */ = {
			isa = PBXVariantGroup;
			children = (
				9CB9BB7327DB422500DF66FF /* Base */,
			);
			name = Main.storyboard;
			sourceTree = "<group>";
		};
		9CB9BB7727DB422600DF66FF /* LaunchScreen.storyboard */ = {
			isa = PBXVariantGroup;
			children = (
				9CB9BB7827DB422600DF66FF /* Base */,
			);
			name = LaunchScreen.storyboard;
			sourceTree = "<group>";
		};
/* End PBXVariantGroup section */

/* Begin XCBuildConfiguration section */
		9CB9BB7B27DB422600DF66FF /* Debug */ = {
			isa = XCBuildConfiguration;
			buildSettings = {
				ALWAYS_SEARCH_USER_PATHS = NO;
				CLANG_ANALYZER_NONNULL = YES;
				CLANG_ANALYZER_NUMBER_OBJECT_CONVERSION = YES_AGGRESSIVE;
				CLANG_CXX_LANGUAGE_STANDARD = "gnu++17";
				CLANG_CXX_LIBRARY = "libc++";
				CLANG_ENABLE_MODULES = YES;
				CLANG_ENABLE_OBJC_ARC = YES;
				CLANG_ENABLE_OBJC_WEAK = YES;
				CLANG_WARN_BLOCK_CAPTURE_AUTORELEASING = YES;
				CLANG_WARN_BOOL_CONVERSION = YES;
				CLANG_WARN_COMMA = YES;
				CLANG_WARN_CONSTANT_CONVERSION = YES;
				CLANG_WARN_DEPRECATED_OBJC_IMPLEMENTATIONS = YES;
				CLANG_WARN_DIRECT_OBJC_ISA_USAGE = YES_ERROR;
				CLANG_WARN_DOCUMENTATION_COMMENTS = YES;
				CLANG_WARN_EMPTY_BODY = YES;
				CLANG_WARN_ENUM_CONVERSION = YES;
				CLANG_WARN_INFINITE_RECURSION = YES;
				CLANG_WARN_INT_CONVERSION = YES;
				CLANG_WARN_NON_LITERAL_NULL_CONVERSION = YES;
				CLANG_WARN_OBJC_IMPLICIT_RETAIN_SELF = YES;
				CLANG_WARN_OBJC_LITERAL_CONVERSION = YES;
				CLANG_WARN_OBJC_ROOT_CLASS = YES_ERROR;
				CLANG_WARN_QUOTED_INCLUDE_IN_FRAMEWORK_HEADER = YES;
				CLANG_WARN_RANGE_LOOP_ANALYSIS = YES;
				CLANG_WARN_STRICT_PROTOTYPES = YES;
				CLANG_WARN_SUSPICIOUS_MOVE = YES;
				CLANG_WARN_UNGUARDED_AVAILABILITY = YES_AGGRESSIVE;
				CLANG_WARN_UNREACHABLE_CODE = YES;
				CLANG_WARN__DUPLICATE_METHOD_MATCH = YES;
				COPY_PHASE_STRIP = NO;
				DEBUG_INFORMATION_FORMAT = dwarf;
				ENABLE_STRICT_OBJC_MSGSEND = YES;
				ENABLE_TESTABILITY = YES;
				GCC_C_LANGUAGE_STANDARD = gnu11;
				GCC_DYNAMIC_NO_PIC = NO;
				GCC_NO_COMMON_BLOCKS = YES;
				GCC_OPTIMIZATION_LEVEL = 0;
				GCC_PREPROCESSOR_DEFINITIONS = (
					"DEBUG=1",
					"$(inherited)",
				);
				GCC_WARN_64_TO_32_BIT_CONVERSION = YES;
				GCC_WARN_ABOUT_RETURN_TYPE = YES_ERROR;
				GCC_WARN_UNDECLARED_SELECTOR = YES;
				GCC_WARN_UNINITIALIZED_AUTOS = YES_AGGRESSIVE;
				GCC_WARN_UNUSED_FUNCTION = YES;
				GCC_WARN_UNUSED_VARIABLE = YES;
				IPHONEOS_DEPLOYMENT_TARGET = 15.2;
				MTL_ENABLE_DEBUG_INFO = INCLUDE_SOURCE;
				MTL_FAST_MATH = YES;
				ONLY_ACTIVE_ARCH = YES;
				SDKROOT = iphoneos;
				SWIFT_ACTIVE_COMPILATION_CONDITIONS = DEBUG;
				SWIFT_OPTIMIZATION_LEVEL = "-Onone";
			};
			name = Debug;
		};
		9CB9BB7C27DB422600DF66FF /* Release */ = {
			isa = XCBuildConfiguration;
			buildSettings = {
				ALWAYS_SEARCH_USER_PATHS = NO;
				CLANG_ANALYZER_NONNULL = YES;
				CLANG_ANALYZER_NUMBER_OBJECT_CONVERSION = YES_AGGRESSIVE;
				CLANG_CXX_LANGUAGE_STANDARD = "gnu++17";
				CLANG_CXX_LIBRARY = "libc++";
				CLANG_ENABLE_MODULES = YES;
				CLANG_ENABLE_OBJC_ARC = YES;
				CLANG_ENABLE_OBJC_WEAK = YES;
				CLANG_WARN_BLOCK_CAPTURE_AUTORELEASING = YES;
				CLANG_WARN_BOOL_CONVERSION = YES;
				CLANG_WARN_COMMA = YES;
				CLANG_WARN_CONSTANT_CONVERSION = YES;
				CLANG_WARN_DEPRECATED_OBJC_IMPLEMENTATIONS = YES;
				CLANG_WARN_DIRECT_OBJC_ISA_USAGE = YES_ERROR;
				CLANG_WARN_DOCUMENTATION_COMMENTS = YES;
				CLANG_WARN_EMPTY_BODY = YES;
				CLANG_WARN_ENUM_CONVERSION = YES;
				CLANG_WARN_INFINITE_RECURSION = YES;
				CLANG_WARN_INT_CONVERSION = YES;
				CLANG_WARN_NON_LITERAL_NULL_CONVERSION = YES;
				CLANG_WARN_OBJC_IMPLICIT_RETAIN_SELF = YES;
				CLANG_WARN_OBJC_LITERAL_CONVERSION = YES;
				CLANG_WARN_OBJC_ROOT_CLASS = YES_ERROR;
				CLANG_WARN_QUOTED_INCLUDE_IN_FRAMEWORK_HEADER = YES;
				CLANG_WARN_RANGE_LOOP_ANALYSIS = YES;
				CLANG_WARN_STRICT_PROTOTYPES = YES;
				CLANG_WARN_SUSPICIOUS_MOVE = YES;
				CLANG_WARN_UNGUARDED_AVAILABILITY = YES_AGGRESSIVE;
				CLANG_WARN_UNREACHABLE_CODE = YES;
				CLANG_WARN__DUPLICATE_METHOD_MATCH = YES;
				COPY_PHASE_STRIP = NO;
				DEBUG_INFORMATION_FORMAT = "dwarf-with-dsym";
				ENABLE_NS_ASSERTIONS = NO;
				ENABLE_STRICT_OBJC_MSGSEND = YES;
				GCC_C_LANGUAGE_STANDARD = gnu11;
				GCC_NO_COMMON_BLOCKS = YES;
				GCC_WARN_64_TO_32_BIT_CONVERSION = YES;
				GCC_WARN_ABOUT_RETURN_TYPE = YES_ERROR;
				GCC_WARN_UNDECLARED_SELECTOR = YES;
				GCC_WARN_UNINITIALIZED_AUTOS = YES_AGGRESSIVE;
				GCC_WARN_UNUSED_FUNCTION = YES;
				GCC_WARN_UNUSED_VARIABLE = YES;
				IPHONEOS_DEPLOYMENT_TARGET = 15.2;
				MTL_ENABLE_DEBUG_INFO = NO;
				MTL_FAST_MATH = YES;
				SDKROOT = iphoneos;
				SWIFT_COMPILATION_MODE = wholemodule;
				SWIFT_OPTIMIZATION_LEVEL = "-O";
				VALIDATE_PRODUCT = YES;
			};
			name = Release;
		};
		9CB9BB7E27DB422600DF66FF /* Debug */ = {
			isa = XCBuildConfiguration;
			buildSettings = {
				ASSETCATALOG_COMPILER_APPICON_NAME = AppIcon;
				ASSETCATALOG_COMPILER_GLOBAL_ACCENT_COLOR_NAME = AccentColor;
				CODE_SIGN_STYLE = Automatic;
				CURRENT_PROJECT_VERSION = 1;
				DEVELOPMENT_TEAM = QG3WQ859R8;
				GENERATE_INFOPLIST_FILE = YES;
				INFOPLIST_FILE = Project1/Info.plist;
				INFOPLIST_KEY_UIApplicationSupportsIndirectInputEvents = YES;
				INFOPLIST_KEY_UILaunchStoryboardName = LaunchScreen;
				INFOPLIST_KEY_UIMainStoryboardFile = Main;
				INFOPLIST_KEY_UISupportedInterfaceOrientations_iPad = "UIInterfaceOrientationPortrait UIInterfaceOrientationPortraitUpsideDown UIInterfaceOrientationLandscapeLeft UIInterfaceOrientationLandscapeRight";
				INFOPLIST_KEY_UISupportedInterfaceOrientations_iPhone = "UIInterfaceOrientationPortrait UIInterfaceOrientationLandscapeLeft UIInterfaceOrientationLandscapeRight";
				LD_RUNPATH_SEARCH_PATHS = (
					"$(inherited)",
					"@executable_path/Frameworks",
				);
				MARKETING_VERSION = 1.0;
				PRODUCT_BUNDLE_IDENTIFIER = "Eugenia-Consoli.Project1";
				PRODUCT_NAME = "$(TARGET_NAME)";
				SWIFT_EMIT_LOC_STRINGS = YES;
				SWIFT_VERSION = 5.0;
				TARGETED_DEVICE_FAMILY = "1,2";
			};
			name = Debug;
		};
		9CB9BB7F27DB422600DF66FF /* Release */ = {
			isa = XCBuildConfiguration;
			buildSettings = {
				ASSETCATALOG_COMPILER_APPICON_NAME = AppIcon;
				ASSETCATALOG_COMPILER_GLOBAL_ACCENT_COLOR_NAME = AccentColor;
				CODE_SIGN_STYLE = Automatic;
				CURRENT_PROJECT_VERSION = 1;
				DEVELOPMENT_TEAM = QG3WQ859R8;
				GENERATE_INFOPLIST_FILE = YES;
				INFOPLIST_FILE = Project1/Info.plist;
				INFOPLIST_KEY_UIApplicationSupportsIndirectInputEvents = YES;
				INFOPLIST_KEY_UILaunchStoryboardName = LaunchScreen;
				INFOPLIST_KEY_UIMainStoryboardFile = Main;
				INFOPLIST_KEY_UISupportedInterfaceOrientations_iPad = "UIInterfaceOrientationPortrait UIInterfaceOrientationPortraitUpsideDown UIInterfaceOrientationLandscapeLeft UIInterfaceOrientationLandscapeRight";
				INFOPLIST_KEY_UISupportedInterfaceOrientations_iPhone = "UIInterfaceOrientationPortrait UIInterfaceOrientationLandscapeLeft UIInterfaceOrientationLandscapeRight";
				LD_RUNPATH_SEARCH_PATHS = (
					"$(inherited)",
					"@executable_path/Frameworks",
				);
				MARKETING_VERSION = 1.0;
				PRODUCT_BUNDLE_IDENTIFIER = "Eugenia-Consoli.Project1";
				PRODUCT_NAME = "$(TARGET_NAME)";
				SWIFT_EMIT_LOC_STRINGS = YES;
				SWIFT_VERSION = 5.0;
				TARGETED_DEVICE_FAMILY = "1,2";
			};
			name = Release;
		};
/* End XCBuildConfiguration section */

/* Begin XCConfigurationList section */
		9CB9BB6427DB422500DF66FF /* Build configuration list for PBXProject "Project1" */ = {
			isa = XCConfigurationList;
			buildConfigurations = (
				9CB9BB7B27DB422600DF66FF /* Debug */,
				9CB9BB7C27DB422600DF66FF /* Release */,
			);
			defaultConfigurationIsVisible = 0;
			defaultConfigurationName = Release;
		};
		9CB9BB7D27DB422600DF66FF /* Build configuration list for PBXNativeTarget "Project1" */ = {
			isa = XCConfigurationList;
			buildConfigurations = (
				9CB9BB7E27DB422600DF66FF /* Debug */,
				9CB9BB7F27DB422600DF66FF /* Release */,
			);
			defaultConfigurationIsVisible = 0;
			defaultConfigurationName = Release;
		};
/* End XCConfigurationList section */
	};
	rootObject = 9CB9BB6127DB422500DF66FF /* Project object */;
}
